
Microsoft Visual Studio Solution File, Format Version 12.00
# Visual Studio Version 17
VisualStudioVersion = 17.5.002.0
MinimumVisualStudioVersion = 10.0.40219.1
Project("{2150E333-8FDC-42A3-9474-1A3956D46DE8}") = "LESSON1", "LESSON1", "{058A4A76-216F-4BC2-8511-9C4BC661F183}"
EndProject
Project("{9A19103F-16F7-4668-BE54-9A1E7A4F7556}") = "Task1", "LESSON1\Task1\Task1.csproj", "{59000935-AE45-415A-8395-A597CD360F49}"
EndProject
Global
	GlobalSection(SolutionConfigurationPlatforms) = preSolution
		Debug|Any CPU = Debug|Any CPU
		Release|Any CPU = Release|Any CPU
	EndGlobalSection
	GlobalSection(ProjectConfigurationPlatforms) = postSolution
		{59000935-AE45-415A-8395-A597CD360F49}.Debug|Any CPU.ActiveCfg = Debug|Any CPU
		{59000935-AE45-415A-8395-A597CD360F49}.Debug|Any CPU.Build.0 = Debug|Any CPU
		{59000935-AE45-415A-8395-A597CD360F49}.Release|Any CPU.ActiveCfg = Release|Any CPU
		{59000935-AE45-415A-8395-A597CD360F49}.Release|Any CPU.Build.0 = Release|Any CPU
	EndGlobalSection
	GlobalSection(SolutionProperties) = preSolution
		HideSolutionNode = FALSE
	EndGlobalSection
	GlobalSection(NestedProjects) = preSolution
		{59000935-AE45-415A-8395-A597CD360F49} = {058A4A76-216F-4BC2-8511-9C4BC661F183}
	EndGlobalSection
	GlobalSection(ExtensibilityGlobals) = postSolution
		SolutionGuid = {97655DE0-53AE-449B-A0D3-068EB9DF3E5F}
	EndGlobalSection
EndGlobal
